
Microsoft Visual Studio Solution File, Format Version 12.00
# Visual Studio Version 16
VisualStudioVersion = 16.0.32413.511
MinimumVisualStudioVersion = 10.0.40219.1
Project("{FAE04EC0-301F-11D3-BF4B-00C04F79EFBC}") = "Crud_With_CodeFirst", "Crud_With_CodeFirst\Crud_With_CodeFirst.csproj", "{F10B0FE6-D08D-434B-A75A-384B909901BE}"
EndProject
Global
	GlobalSection(SolutionConfigurationPlatforms) = preSolution
		Debug|Any CPU = Debug|Any CPU
		Release|Any CPU = Release|Any CPU
	EndGlobalSection
	GlobalSection(ProjectConfigurationPlatforms) = postSolution
		{F10B0FE6-D08D-434B-A75A-384B909901BE}.Debug|Any CPU.ActiveCfg = Debug|Any CPU
		{F10B0FE6-D08D-434B-A75A-384B909901BE}.Debug|Any CPU.Build.0 = Debug|Any CPU
		{F10B0FE6-D08D-434B-A75A-384B909901BE}.Release|Any CPU.ActiveCfg = Release|Any CPU
		{F10B0FE6-D08D-434B-A75A-384B909901BE}.Release|Any CPU.Build.0 = Release|Any CPU
	EndGlobalSection
	GlobalSection(SolutionProperties) = preSolution
		HideSolutionNode = FALSE
	EndGlobalSection
	GlobalSection(ExtensibilityGlobals) = postSolution
		SolutionGuid = {CFF90343-1579-4F5A-883C-93F1F42D88EC}
	EndGlobalSection
EndGlobal
